
Microsoft Visual Studio Solution File, Format Version 12.00
# Visual Studio Version 17
VisualStudioVersion = 17.4.33205.214
MinimumVisualStudioVersion = 10.0.40219.1
Project("{9A19103F-16F7-4668-BE54-9A1E7A4F7556}") = "Practical10Task1", "Practical10Task1\Practical10Task1.csproj", "{38828627-3282-429D-BACE-DC2034A59AB6}"
EndProject
Project("{9A19103F-16F7-4668-BE54-9A1E7A4F7556}") = "Practical10Task2", "Practical10Task2\Practical10Task2.csproj", "{E115195F-CA92-43C9-8DE6-7B58DB73BEB7}"
EndProject
Project("{9A19103F-16F7-4668-BE54-9A1E7A4F7556}") = "Practical10Task3", "Practical10Task3\Practical10Task3.csproj", "{E150C6C6-3DE1-4ED0-B600-A4F524E81CB6}"
EndProject
Project("{FAE04EC0-301F-11D3-BF4B-00C04F79EFBC}") = "Practical10Task4", "Practical10Task4\Practical10Task4.csproj", "{E0565A95-21E0-4093-A544-C48022C9247D}"
EndProject
Global
	GlobalSection(SolutionConfigurationPlatforms) = preSolution
		Debug|Any CPU = Debug|Any CPU
		Release|Any CPU = Release|Any CPU
	EndGlobalSection
	GlobalSection(ProjectConfigurationPlatforms) = postSolution
		{38828627-3282-429D-BACE-DC2034A59AB6}.Debug|Any CPU.ActiveCfg = Debug|Any CPU
		{38828627-3282-429D-BACE-DC2034A59AB6}.Debug|Any CPU.Build.0 = Debug|Any CPU
		{38828627-3282-429D-BACE-DC2034A59AB6}.Release|Any CPU.ActiveCfg = Release|Any CPU
		{38828627-3282-429D-BACE-DC2034A59AB6}.Release|Any CPU.Build.0 = Release|Any CPU
		{E115195F-CA92-43C9-8DE6-7B58DB73BEB7}.Debug|Any CPU.ActiveCfg = Debug|Any CPU
		{E115195F-CA92-43C9-8DE6-7B58DB73BEB7}.Debug|Any CPU.Build.0 = Debug|Any CPU
		{E115195F-CA92-43C9-8DE6-7B58DB73BEB7}.Release|Any CPU.ActiveCfg = Release|Any CPU
		{E115195F-CA92-43C9-8DE6-7B58DB73BEB7}.Release|Any CPU.Build.0 = Release|Any CPU
		{E150C6C6-3DE1-4ED0-B600-A4F524E81CB6}.Debug|Any CPU.ActiveCfg = Debug|Any CPU
		{E150C6C6-3DE1-4ED0-B600-A4F524E81CB6}.Debug|Any CPU.Build.0 = Debug|Any CPU
		{E150C6C6-3DE1-4ED0-B600-A4F524E81CB6}.Release|Any CPU.ActiveCfg = Release|Any CPU
		{E150C6C6-3DE1-4ED0-B600-A4F524E81CB6}.Release|Any CPU.Build.0 = Release|Any CPU
		{E0565A95-21E0-4093-A544-C48022C9247D}.Debug|Any CPU.ActiveCfg = Debug|Any CPU
		{E0565A95-21E0-4093-A544-C48022C9247D}.Debug|Any CPU.Build.0 = Debug|Any CPU
		{E0565A95-21E0-4093-A544-C48022C9247D}.Release|Any CPU.ActiveCfg = Release|Any CPU
		{E0565A95-21E0-4093-A544-C48022C9247D}.Release|Any CPU.Build.0 = Release|Any CPU
	EndGlobalSection
	GlobalSection(SolutionProperties) = preSolution
		HideSolutionNode = FALSE
	EndGlobalSection
	GlobalSection(ExtensibilityGlobals) = postSolution
		SolutionGuid = {052079A3-0515-44DC-88F8-1014628063A6}
	EndGlobalSection
EndGlobal
